Microsoft Visual Studio Solution File, Format Version 12.00
# Visual Studio Version 16
VisualStudioVersion = 16.0.29905.134
MinimumVisualStudioVersion = 10.0.40219.1
Project("{8BC9CEB8-8B4A-11D0-8D11-00A0C91BC942}") = "C1120911Q01", "C1120911Q01\C1120911Q01.vcxproj", "{08DBB1C7-D9F2-49CC-8138-4C6F88E6933D}"
EndProject
Project("{8BC9CEB8-8B4A-11D0-8D11-00A0C91BC942}") = "C1120911Q02", "C1120911Q02\C1120911Q02.vcxproj", "{08DBB1C7-F388-4A75-802A-96537EFA05DF}"
EndProject
Project("{8BC9CEB8-8B4A-11D0-8D11-00A0C91BC942}") = "C1120911Q03", "C1120911Q03\C1120911Q03.vcxproj", "{08DBB1C7-F91A-4A50-8FAD-A600F49541BF}"
EndProject
Global
	GlobalSection(SolutionConfigurationPlatforms) = preSolution
		Debug|x64 = Debug|x64
		Debug|x86 = Debug|x86
		Release|x64 = Release|x64
		Release|x86 = Release|x86
	EndGlobalSection
	GlobalSection(ProjectConfigurationPlatforms) = postSolution
		{08DBB1C7-D9F2-49CC-8138-4C6F88E6933D}.Debug|x64.ActiveCfg = Debug|x64
		{08DBB1C7-D9F2-49CC-8138-4C6F88E6933D}.Debug|x64.Build.0 = Debug|x64
		{08DBB1C7-D9F2-49CC-8138-4C6F88E6933D}.Debug|x86.ActiveCfg = Debug|Win32
		{08DBB1C7-D9F2-49CC-8138-4C6F88E6933D}.Debug|x86.Build.0 = Debug|Win32
		{08DBB1C7-D9F2-49CC-8138-4C6F88E6933D}.Release|x64.ActiveCfg = Release|x64
		{08DBB1C7-D9F2-49CC-8138-4C6F88E6933D}.Release|x64.Build.0 = Release|x64
		{08DBB1C7-D9F2-49CC-8138-4C6F88E6933D}.Release|x86.ActiveCfg = Release|Win32
		{08DBB1C7-D9F2-49CC-8138-4C6F88E6933D}.Release|x86.Build.0 = Release|Win32
		{08DBB1C7-F388-4A75-802A-96537EFA05DF}.Debug|x64.ActiveCfg = Debug|x64
		{08DBB1C7-F388-4A75-802A-96537EFA05DF}.Debug|x64.Build.0 = Debug|x64
		{08DBB1C7-F388-4A75-802A-96537EFA05DF}.Debug|x86.ActiveCfg = Debug|Win32
		{08DBB1C7-F388-4A75-802A-96537EFA05DF}.Debug|x86.Build.0 = Debug|Win32
		{08DBB1C7-F388-4A75-802A-96537EFA05DF}.Release|x64.ActiveCfg = Release|x64
		{08DBB1C7-F388-4A75-802A-96537EFA05DF}.Release|x64.Build.0 = Release|x64
		{08DBB1C7-F388-4A75-802A-96537EFA05DF}.Release|x86.ActiveCfg = Release|Win32
		{08DBB1C7-F388-4A75-802A-96537EFA05DF}.Release|x86.Build.0 = Release|Win32
		{08DBB1C7-F91A-4A50-8FAD-A600F49541BF}.Debug|x64.ActiveCfg = Debug|x64
		{08DBB1C7-F91A-4A50-8FAD-A600F49541BF}.Debug|x64.Build.0 = Debug|x64
		{08DBB1C7-F91A-4A50-8FAD-A600F49541BF}.Debug|x86.ActiveCfg = Debug|Win32
		{08DBB1C7-F91A-4A50-8FAD-A600F49541BF}.Debug|x86.Build.0 = Debug|Win32
		{08DBB1C7-F91A-4A50-8FAD-A600F49541BF}.Release|x64.ActiveCfg = Release|x64
		{08DBB1C7-F91A-4A50-8FAD-A600F49541BF}.Release|x64.Build.0 = Release|x64
		{08DBB1C7-F91A-4A50-8FAD-A600F49541BF}.Release|x86.ActiveCfg = Release|Win32
		{08DBB1C7-F91A-4A50-8FAD-A600F49541BF}.Release|x86.Build.0 = Release|Win32
	EndGlobalSection
	GlobalSection(SolutionProperties) = preSolution
		HideSolutionNode = FALSE
	EndGlobalSection
	GlobalSection(ExtensibilityGlobals) = postSolution
		SolutionGuid = {326EDA97-A13D-4639-AEEB-F15CE836FBDD}
	EndGlobalSection
EndGlobal
