Microsoft Visual Studio Solution File, Format Version 12.00
# Visual Studio Version 16
VisualStudioVersion = 16.0.29905.134
MinimumVisualStudioVersion = 10.0.40219.1
Project("{8BC9CEB8-8B4A-11D0-8D11-00A0C91BC942}") = "C1121106Q01", "C1121106Q01\C1121106Q01.vcxproj", "{08DBDE19-43D7-4187-8593-7443D98DE034}"
EndProject
Project("{8BC9CEB8-8B4A-11D0-8D11-00A0C91BC942}") = "C1121106Q02", "C1121106Q02\C1121106Q02.vcxproj", "{08DBDE19-4AD0-4101-8BD1-47568E294F5B}"
EndProject
Global
	GlobalSection(SolutionConfigurationPlatforms) = preSolution
		Debug|x64 = Debug|x64
		Debug|x86 = Debug|x86
		Release|x64 = Release|x64
		Release|x86 = Release|x86
	EndGlobalSection
	GlobalSection(ProjectConfigurationPlatforms) = postSolution
		{08DBDE19-43D7-4187-8593-7443D98DE034}.Debug|x64.ActiveCfg = Debug|x64
		{08DBDE19-43D7-4187-8593-7443D98DE034}.Debug|x64.Build.0 = Debug|x64
		{08DBDE19-43D7-4187-8593-7443D98DE034}.Debug|x86.ActiveCfg = Debug|Win32
		{08DBDE19-43D7-4187-8593-7443D98DE034}.Debug|x86.Build.0 = Debug|Win32
		{08DBDE19-43D7-4187-8593-7443D98DE034}.Release|x64.ActiveCfg = Release|x64
		{08DBDE19-43D7-4187-8593-7443D98DE034}.Release|x64.Build.0 = Release|x64
		{08DBDE19-43D7-4187-8593-7443D98DE034}.Release|x86.ActiveCfg = Release|Win32
		{08DBDE19-43D7-4187-8593-7443D98DE034}.Release|x86.Build.0 = Release|Win32
		{08DBDE19-4AD0-4101-8BD1-47568E294F5B}.Debug|x64.ActiveCfg = Debug|x64
		{08DBDE19-4AD0-4101-8BD1-47568E294F5B}.Debug|x64.Build.0 = Debug|x64
		{08DBDE19-4AD0-4101-8BD1-47568E294F5B}.Debug|x86.ActiveCfg = Debug|Win32
		{08DBDE19-4AD0-4101-8BD1-47568E294F5B}.Debug|x86.Build.0 = Debug|Win32
		{08DBDE19-4AD0-4101-8BD1-47568E294F5B}.Release|x64.ActiveCfg = Release|x64
		{08DBDE19-4AD0-4101-8BD1-47568E294F5B}.Release|x64.Build.0 = Release|x64
		{08DBDE19-4AD0-4101-8BD1-47568E294F5B}.Release|x86.ActiveCfg = Release|Win32
		{08DBDE19-4AD0-4101-8BD1-47568E294F5B}.Release|x86.Build.0 = Release|Win32
	EndGlobalSection
	GlobalSection(SolutionProperties) = preSolution
		HideSolutionNode = FALSE
	EndGlobalSection
	GlobalSection(ExtensibilityGlobals) = postSolution
		SolutionGuid = {3DCECA3C-D519-4372-8206-8D4397313431}
	EndGlobalSection
EndGlobal
